// !$*UTF8*$!
{
	archiveVersion = 1;
	classes = {
	};
	objectVersion = 55;
	objects = {

/* Begin PBXBuildFile section */
		0D0045752703B13F00C2BB3A /* ATAppDelegate.m in Sources */ = {isa = PBXBuildFile; fileRef = 0D0045742703B13F00C2BB3A /* ATAppDelegate.m */; };
		0D0045782703B13F00C2BB3A /* ATViewController.m in Sources */ = {isa = PBXBuildFile; fileRef = 0D0045772703B13F00C2BB3A /* ATViewController.m */; };
		0D00457A2703B14100C2BB3A /* Assets.xcassets in Resources */ = {isa = PBXBuildFile; fileRef = 0D0045792703B14100C2BB3A /* Assets.xcassets */; };
		0D00457D2703B14100C2BB3A /* Main.storyboard in Resources */ = {isa = PBXBuildFile; fileRef = 0D00457B2703B14100C2BB3A /* Main.storyboard */; };
		0D00457F2703B14100C2BB3A /* main.m in Sources */ = {isa = PBXBuildFile; fileRef = 0D00457E2703B14100C2BB3A /* main.m */; };
		0D00458B2703BE9200C2BB3A /* ATApplicationRecorderBase.m in Sources */ = {isa = PBXBuildFile; fileRef = 0D00458A2703BE9200C2BB3A /* ATApplicationRecorderBase.m */; };
		0D00458E2703BE9F00C2BB3A /* ATLogicRecorder.m in Sources */ = {isa = PBXBuildFile; fileRef = 0D00458D2703BE9F00C2BB3A /* ATLogicRecorder.m */; };
		0D0045912703BEA900C2BB3A /* ATGarageBandRecorder.m in Sources */ = {isa = PBXBuildFile; fileRef = 0D0045902703BEA900C2BB3A /* ATGarageBandRecorder.m */; };
		0D0045992703C04000C2BB3A /* ATRecording.m in Sources */ = {isa = PBXBuildFile; fileRef = 0D0045982703C04000C2BB3A /* ATRecording.m */; };
		0D00459C2703C15F00C2BB3A /* ATUnimplementedError.m in Sources */ = {isa = PBXBuildFile; fileRef = 0D00459B2703C15F00C2BB3A /* ATUnimplementedError.m */; };
		0D00459F2703C90600C2BB3A /* ATApplicationRecorderUtilities.m in Sources */ = {isa = PBXBuildFile; fileRef = 0D00459E2703C90600C2BB3A /* ATApplicationRecorderUtilities.m */; };
		0D0045A32703CA8400C2BB3A /* ATApplicationPopUpButton.m in Sources */ = {isa = PBXBuildFile; fileRef = 0D0045A22703CA8400C2BB3A /* ATApplicationPopUpButton.m */; };
		0D197400270DE21F00CF6813 /* ATRecorderViewController.m in Sources */ = {isa = PBXBuildFile; fileRef = 0D1973FF270DE21F00CF6813 /* ATRecorderViewController.m */; };
		0D197408270DE24800CF6813 /* ATPlayerViewController.m in Sources */ = {isa = PBXBuildFile; fileRef = 0D197407270DE24800CF6813 /* ATPlayerViewController.m */; };
		0D4BD92B270B7E2F0066BC44 /* ATElementTree.m in Sources */ = {isa = PBXBuildFile; fileRef = 0D4BD92A270B7E2F0066BC44 /* ATElementTree.m */; };
		0D4BD92E270B7E560066BC44 /* ATElementTreeDelegate.m in Sources */ = {isa = PBXBuildFile; fileRef = 0D4BD92D270B7E560066BC44 /* ATElementTreeDelegate.m */; };
		0D4BD931270B7E7C0066BC44 /* ATElement.m in Sources */ = {isa = PBXBuildFile; fileRef = 0D4BD930270B7E7C0066BC44 /* ATElement.m */; };
		0D4BD934270B9DF40066BC44 /* ATApplicationElement.m in Sources */ = {isa = PBXBuildFile; fileRef = 0D4BD933270B9DF40066BC44 /* ATApplicationElement.m */; };
		0D4BD938270B9E4B0066BC44 /* ATWindowElement.m in Sources */ = {isa = PBXBuildFile; fileRef = 0D4BD937270B9E4B0066BC44 /* ATWindowElement.m */; };
		0D4BD93B270B9F1B0066BC44 /* ATApplicationUtilities.m in Sources */ = {isa = PBXBuildFile; fileRef = 0D4BD93A270B9F1B0066BC44 /* ATApplicationUtilities.m */; };
		0DD3CF27270E256D00B166EC /* Audio_Trainer_UI_Tests.m in Sources */ = {isa = PBXBuildFile; fileRef = 0DD3CF26270E256D00B166EC /* Audio_Trainer_UI_Tests.m */; };
		0DD3CF29270E256D00B166EC /* Audio_Trainer_UI_TestsLaunchTests.m in Sources */ = {isa = PBXBuildFile; fileRef = 0DD3CF28270E256D00B166EC /* Audio_Trainer_UI_TestsLaunchTests.m */; };
		0DD3CF3C270E258C00B166EC /* Audio_Trainer_Unit_Tests.m in Sources */ = {isa = PBXBuildFile; fileRef = 0DD3CF35270E258800B166EC /* Audio_Trainer_Unit_Tests.m */; };
/* End PBXBuildFile section */

/* Begin PBXContainerItemProxy section */
		0DD3CF2A270E256D00B166EC /* PBXContainerItemProxy */ = {
			isa = PBXContainerItemProxy;
			containerPortal = 0D0045682703B13F00C2BB3A /* Project object */;
			proxyType = 1;
			remoteGlobalIDString = 0D00456F2703B13F00C2BB3A;
			remoteInfo = "Audio Trainer";
		};
		0DD3CF37270E258800B166EC /* PBXContainerItemProxy */ = {
			isa = PBXContainerItemProxy;
			containerPortal = 0D0045682703B13F00C2BB3A /* Project object */;
			proxyType = 1;
			remoteGlobalIDString = 0D00456F2703B13F00C2BB3A;
			remoteInfo = "Audio Trainer";
		};
/* End PBXContainerItemProxy section */

/* Begin PBXFileReference section */
		0D0045702703B13F00C2BB3A /* Audio Trainer.app */ = {isa = PBXFileReference; explicitFileType = wrapper.application; includeInIndex = 0; path = "Audio Trainer.app"; sourceTree = BUILT_PRODUCTS_DIR; };
		0D0045732703B13F00C2BB3A /* ATAppDelegate.h */ = {isa = PBXFileReference; lastKnownFileType = sourcecode.c.h; path = ATAppDelegate.h; sourceTree = "<group>"; };
		0D0045742703B13F00C2BB3A /* ATAppDelegate.m */ = {isa = PBXFileReference; lastKnownFileType = sourcecode.c.objc; path = ATAppDelegate.m; sourceTree = "<group>"; };
		0D0045762703B13F00C2BB3A /* ATViewController.h */ = {isa = PBXFileReference; lastKnownFileType = sourcecode.c.h; path = ATViewController.h; sourceTree = "<group>"; };
		0D0045772703B13F00C2BB3A /* ATViewController.m */ = {isa = PBXFileReference; lastKnownFileType = sourcecode.c.objc; path = ATViewController.m; sourceTree = "<group>"; };
		0D0045792703B14100C2BB3A /* Assets.xcassets */ = {isa = PBXFileReference; lastKnownFileType = folder.assetcatalog; path = Assets.xcassets; sourceTree = "<group>"; };
		0D00457C2703B14100C2BB3A /* Base */ = {isa = PBXFileReference; lastKnownFileType = file.storyboard; name = Base; path = Base.lproj/Main.storyboard; sourceTree = "<group>"; };
		0D00457E2703B14100C2BB3A /* main.m */ = {isa = PBXFileReference; lastKnownFileType = sourcecode.c.objc; path = main.m; sourceTree = "<group>"; };
		0D0045852703BDB600C2BB3A /* ATApplicationRecorder.h */ = {isa = PBXFileReference; lastKnownFileType = sourcecode.c.h; path = ATApplicationRecorder.h; sourceTree = "<group>"; };
		0D0045892703BE9200C2BB3A /* ATApplicationRecorderBase.h */ = {isa = PBXFileReference; lastKnownFileType = sourcecode.c.h; path = ATApplicationRecorderBase.h; sourceTree = "<group>"; };
		0D00458A2703BE9200C2BB3A /* ATApplicationRecorderBase.m */ = {isa = PBXFileReference; lastKnownFileType = sourcecode.c.objc; path = ATApplicationRecorderBase.m; sourceTree = "<group>"; };
		0D00458C2703BE9F00C2BB3A /* ATLogicRecorder.h */ = {isa = PBXFileReference; lastKnownFileType = sourcecode.c.h; path = ATLogicRecorder.h; sourceTree = "<group>"; };
		0D00458D2703BE9F00C2BB3A /* ATLogicRecorder.m */ = {isa = PBXFileReference; lastKnownFileType = sourcecode.c.objc; path = ATLogicRecorder.m; sourceTree = "<group>"; };
		0D00458F2703BEA900C2BB3A /* ATGarageBandRecorder.h */ = {isa = PBXFileReference; lastKnownFileType = sourcecode.c.h; path = ATGarageBandRecorder.h; sourceTree = "<group>"; };
		0D0045902703BEA900C2BB3A /* ATGarageBandRecorder.m */ = {isa = PBXFileReference; lastKnownFileType = sourcecode.c.objc; path = ATGarageBandRecorder.m; sourceTree = "<group>"; };
		0D0045972703C04000C2BB3A /* ATRecording.h */ = {isa = PBXFileReference; lastKnownFileType = sourcecode.c.h; path = ATRecording.h; sourceTree = "<group>"; };
		0D0045982703C04000C2BB3A /* ATRecording.m */ = {isa = PBXFileReference; lastKnownFileType = sourcecode.c.objc; path = ATRecording.m; sourceTree = "<group>"; };
		0D00459A2703C15F00C2BB3A /* ATUnimplementedError.h */ = {isa = PBXFileReference; lastKnownFileType = sourcecode.c.h; path = ATUnimplementedError.h; sourceTree = "<group>"; };
		0D00459B2703C15F00C2BB3A /* ATUnimplementedError.m */ = {isa = PBXFileReference; lastKnownFileType = sourcecode.c.objc; path = ATUnimplementedError.m; sourceTree = "<group>"; };
		0D00459D2703C90600C2BB3A /* ATApplicationRecorderUtilities.h */ = {isa = PBXFileReference; lastKnownFileType = sourcecode.c.h; path = ATApplicationRecorderUtilities.h; sourceTree = "<group>"; };
		0D00459E2703C90600C2BB3A /* ATApplicationRecorderUtilities.m */ = {isa = PBXFileReference; lastKnownFileType = sourcecode.c.objc; path = ATApplicationRecorderUtilities.m; sourceTree = "<group>"; };
		0D0045A12703CA8400C2BB3A /* ATApplicationPopUpButton.h */ = {isa = PBXFileReference; lastKnownFileType = sourcecode.c.h; path = ATApplicationPopUpButton.h; sourceTree = "<group>"; };
		0D0045A22703CA8400C2BB3A /* ATApplicationPopUpButton.m */ = {isa = PBXFileReference; lastKnownFileType = sourcecode.c.objc; path = ATApplicationPopUpButton.m; sourceTree = "<group>"; };
		0D1973FE270DE21F00CF6813 /* ATRecorderViewController.h */ = {isa = PBXFileReference; lastKnownFileType = sourcecode.c.h; name = ATRecorderViewController.h; path = Source/ATRecorderViewController.h; sourceTree = SOURCE_ROOT; };
		0D1973FF270DE21F00CF6813 /* ATRecorderViewController.m */ = {isa = PBXFileReference; lastKnownFileType = sourcecode.c.objc; name = ATRecorderViewController.m; path = Source/ATRecorderViewController.m; sourceTree = SOURCE_ROOT; };
		0D197406270DE24800CF6813 /* ATPlayerViewController.h */ = {isa = PBXFileReference; lastKnownFileType = sourcecode.c.h; path = ATPlayerViewController.h; sourceTree = "<group>"; };
		0D197407270DE24800CF6813 /* ATPlayerViewController.m */ = {isa = PBXFileReference; lastKnownFileType = sourcecode.c.objc; path = ATPlayerViewController.m; sourceTree = "<group>"; };
		0D4BD929270B7E2F0066BC44 /* ATElementTree.h */ = {isa = PBXFileReference; lastKnownFileType = sourcecode.c.h; path = ATElementTree.h; sourceTree = "<group>"; };
		0D4BD92A270B7E2F0066BC44 /* ATElementTree.m */ = {isa = PBXFileReference; lastKnownFileType = sourcecode.c.objc; path = ATElementTree.m; sourceTree = "<group>"; };
		0D4BD92C270B7E560066BC44 /* ATElementTreeDelegate.h */ = {isa = PBXFileReference; lastKnownFileType = sourcecode.c.h; path = ATElementTreeDelegate.h; sourceTree = "<group>"; };
		0D4BD92D270B7E560066BC44 /* ATElementTreeDelegate.m */ = {isa = PBXFileReference; lastKnownFileType = sourcecode.c.objc; path = ATElementTreeDelegate.m; sourceTree = "<group>"; };
		0D4BD92F270B7E7C0066BC44 /* ATElement.h */ = {isa = PBXFileReference; lastKnownFileType = sourcecode.c.h; path = ATElement.h; sourceTree = "<group>"; };
		0D4BD930270B7E7C0066BC44 /* ATElement.m */ = {isa = PBXFileReference; lastKnownFileType = sourcecode.c.objc; path = ATElement.m; sourceTree = "<group>"; };
		0D4BD932270B9DF40066BC44 /* ATApplicationElement.h */ = {isa = PBXFileReference; lastKnownFileType = sourcecode.c.h; path = ATApplicationElement.h; sourceTree = "<group>"; };
		0D4BD933270B9DF40066BC44 /* ATApplicationElement.m */ = {isa = PBXFileReference; lastKnownFileType = sourcecode.c.objc; path = ATApplicationElement.m; sourceTree = "<group>"; };
		0D4BD936270B9E4B0066BC44 /* ATWindowElement.h */ = {isa = PBXFileReference; lastKnownFileType = sourcecode.c.h; path = ATWindowElement.h; sourceTree = "<group>"; };
		0D4BD937270B9E4B0066BC44 /* ATWindowElement.m */ = {isa = PBXFileReference; lastKnownFileType = sourcecode.c.objc; path = ATWindowElement.m; sourceTree = "<group>"; };
		0D4BD939270B9F1B0066BC44 /* ATApplicationUtilities.h */ = {isa = PBXFileReference; lastKnownFileType = sourcecode.c.h; path = ATApplicationUtilities.h; sourceTree = "<group>"; };
		0D4BD93A270B9F1B0066BC44 /* ATApplicationUtilities.m */ = {isa = PBXFileReference; lastKnownFileType = sourcecode.c.objc; path = ATApplicationUtilities.m; sourceTree = "<group>"; };
		0D4BD93C270BA08C0066BC44 /* ATElement_Private.h */ = {isa = PBXFileReference; lastKnownFileType = sourcecode.c.h; path = ATElement_Private.h; sourceTree = "<group>"; };
		0DD3CF24270E256D00B166EC /* Audio Trainer UI Tests.xctest */ = {isa = PBXFileReference; explicitFileType = wrapper.cfbundle; includeInIndex = 0; path = "Audio Trainer UI Tests.xctest"; sourceTree = BUILT_PRODUCTS_DIR; };
		0DD3CF26270E256D00B166EC /* Audio_Trainer_UI_Tests.m */ = {isa = PBXFileReference; lastKnownFileType = sourcecode.c.objc; path = Audio_Trainer_UI_Tests.m; sourceTree = "<group>"; };
		0DD3CF28270E256D00B166EC /* Audio_Trainer_UI_TestsLaunchTests.m */ = {isa = PBXFileReference; lastKnownFileType = sourcecode.c.objc; path = Audio_Trainer_UI_TestsLaunchTests.m; sourceTree = "<group>"; };
		0DD3CF33270E258800B166EC /* Audio Trainer Unit Tests.xctest */ = {isa = PBXFileReference; explicitFileType = wrapper.cfbundle; includeInIndex = 0; path = "Audio Trainer Unit Tests.xctest"; sourceTree = BUILT_PRODUCTS_DIR; };
		0DD3CF35270E258800B166EC /* Audio_Trainer_Unit_Tests.m */ = {isa = PBXFileReference; lastKnownFileType = sourcecode.c.objc; path = Audio_Trainer_Unit_Tests.m; sourceTree = "<group>"; };
/* End PBXFileReference section */

/* Begin PBXFrameworksBuildPhase section */
		0D00456D2703B13F00C2BB3A /* Frameworks */ = {
			isa = PBXFrameworksBuildPhase;
			buildActionMask = 2147483647;
			files = (
			);
			runOnlyForDeploymentPostprocessing = 0;
		};
		0DD3CF21270E256D00B166EC /* Frameworks */ = {
			isa = PBXFrameworksBuildPhase;
			buildActionMask = 2147483647;
			files = (
			);
			runOnlyForDeploymentPostprocessing = 0;
		};
		0DD3CF30270E258800B166EC /* Frameworks */ = {
			isa = PBXFrameworksBuildPhase;
			buildActionMask = 2147483647;
			files = (
			);
			runOnlyForDeploymentPostprocessing = 0;
		};
/* End PBXFrameworksBuildPhase section */

/* Begin PBXGroup section */
		0D0045672703B13F00C2BB3A = {
			isa = PBXGroup;
			children = (
				0D0045922703BEE900C2BB3A /* Source */,
				0D0045942703BEF600C2BB3A /* Tests */,
				0D0045932703BEED00C2BB3A /* Resources */,
				0D0045712703B13F00C2BB3A /* Products */,
			);
			sourceTree = "<group>";
		};
		0D0045712703B13F00C2BB3A /* Products */ = {
			isa = PBXGroup;
			children = (
				0D0045702703B13F00C2BB3A /* Audio Trainer.app */,
				0DD3CF24270E256D00B166EC /* Audio Trainer UI Tests.xctest */,
				0DD3CF33270E258800B166EC /* Audio Trainer Unit Tests.xctest */,
			);
			name = Products;
			sourceTree = "<group>";
		};
		0D0045882703BDB900C2BB3A /* Recorder */ = {
			isa = PBXGroup;
			children = (
				0D0045852703BDB600C2BB3A /* ATApplicationRecorder.h */,
				0D0045892703BE9200C2BB3A /* ATApplicationRecorderBase.h */,
				0D00458A2703BE9200C2BB3A /* ATApplicationRecorderBase.m */,
				0D00458C2703BE9F00C2BB3A /* ATLogicRecorder.h */,
				0D00458D2703BE9F00C2BB3A /* ATLogicRecorder.m */,
				0D00458F2703BEA900C2BB3A /* ATGarageBandRecorder.h */,
				0D0045902703BEA900C2BB3A /* ATGarageBandRecorder.m */,
			);
			path = Recorder;
			sourceTree = "<group>";
		};
		0D0045922703BEE900C2BB3A /* Source */ = {
			isa = PBXGroup;
			children = (
				0D0045A02703CA6400C2BB3A /* Views */,
				0D4BD928270B7E070066BC44 /* Accessibility */,
				0D0045962703C03400C2BB3A /* Recording */,
				0D0045882703BDB900C2BB3A /* Recorder */,
				0D0045952703BFAE00C2BB3A /* Utilities */,
				0D0045732703B13F00C2BB3A /* ATAppDelegate.h */,
				0D0045742703B13F00C2BB3A /* ATAppDelegate.m */,
				0D0045762703B13F00C2BB3A /* ATViewController.h */,
				0D0045772703B13F00C2BB3A /* ATViewController.m */,
				0D1973FE270DE21F00CF6813 /* ATRecorderViewController.h */,
				0D1973FF270DE21F00CF6813 /* ATRecorderViewController.m */,
				0D197406270DE24800CF6813 /* ATPlayerViewController.h */,
				0D197407270DE24800CF6813 /* ATPlayerViewController.m */,
			);
			path = Source;
			sourceTree = "<group>";
		};
		0D0045932703BEED00C2BB3A /* Resources */ = {
			isa = PBXGroup;
			children = (
				0D0045792703B14100C2BB3A /* Assets.xcassets */,
				0D00457B2703B14100C2BB3A /* Main.storyboard */,
				0D00457E2703B14100C2BB3A /* main.m */,
			);
			path = Resources;
			sourceTree = "<group>";
		};
		0D0045942703BEF600C2BB3A /* Tests */ = {
			isa = PBXGroup;
			children = (
				0DD3CF35270E258800B166EC /* Audio_Trainer_Unit_Tests.m */,
				0DD3CF26270E256D00B166EC /* Audio_Trainer_UI_Tests.m */,
				0DD3CF28270E256D00B166EC /* Audio_Trainer_UI_TestsLaunchTests.m */,
			);
			path = Tests;
			sourceTree = "<group>";
		};
		0D0045952703BFAE00C2BB3A /* Utilities */ = {
			isa = PBXGroup;
			children = (
				0D00459A2703C15F00C2BB3A /* ATUnimplementedError.h */,
				0D00459B2703C15F00C2BB3A /* ATUnimplementedError.m */,
				0D00459D2703C90600C2BB3A /* ATApplicationRecorderUtilities.h */,
				0D00459E2703C90600C2BB3A /* ATApplicationRecorderUtilities.m */,
				0D4BD939270B9F1B0066BC44 /* ATApplicationUtilities.h */,
				0D4BD93A270B9F1B0066BC44 /* ATApplicationUtilities.m */,
			);
			path = Utilities;
			sourceTree = "<group>";
		};
		0D0045962703C03400C2BB3A /* Recording */ = {
			isa = PBXGroup;
			children = (
				0D0045972703C04000C2BB3A /* ATRecording.h */,
				0D0045982703C04000C2BB3A /* ATRecording.m */,
			);
			path = Recording;
			sourceTree = "<group>";
		};
		0D0045A02703CA6400C2BB3A /* Views */ = {
			isa = PBXGroup;
			children = (
				0D0045A12703CA8400C2BB3A /* ATApplicationPopUpButton.h */,
				0D0045A22703CA8400C2BB3A /* ATApplicationPopUpButton.m */,
			);
			path = Views;
			sourceTree = "<group>";
		};
		0D4BD928270B7E070066BC44 /* Accessibility */ = {
			isa = PBXGroup;
			children = (
				0D4BD935270B9DF90066BC44 /* Elements */,
				0D4BD929270B7E2F0066BC44 /* ATElementTree.h */,
				0D4BD92A270B7E2F0066BC44 /* ATElementTree.m */,
				0D4BD92C270B7E560066BC44 /* ATElementTreeDelegate.h */,
				0D4BD92D270B7E560066BC44 /* ATElementTreeDelegate.m */,
			);
			path = Accessibility;
			sourceTree = "<group>";
		};
		0D4BD935270B9DF90066BC44 /* Elements */ = {
			isa = PBXGroup;
			children = (
				0D4BD936270B9E4B0066BC44 /* ATWindowElement.h */,
				0D4BD937270B9E4B0066BC44 /* ATWindowElement.m */,
				0D4BD932270B9DF40066BC44 /* ATApplicationElement.h */,
				0D4BD933270B9DF40066BC44 /* ATApplicationElement.m */,
				0D4BD92F270B7E7C0066BC44 /* ATElement.h */,
				0D4BD93C270BA08C0066BC44 /* ATElement_Private.h */,
				0D4BD930270B7E7C0066BC44 /* ATElement.m */,
			);
			path = Elements;
			sourceTree = "<group>";
		};
/* End PBXGroup section */

/* Begin PBXNativeTarget section */
		0D00456F2703B13F00C2BB3A /* Audio Trainer */ = {
			isa = PBXNativeTarget;
			buildConfigurationList = 0D0045822703B14100C2BB3A /* Build configuration list for PBXNativeTarget "Audio Trainer" */;
			buildPhases = (
				0D00456C2703B13F00C2BB3A /* Sources */,
				0D00456D2703B13F00C2BB3A /* Frameworks */,
				0D00456E2703B13F00C2BB3A /* Resources */,
			);
			buildRules = (
			);
			dependencies = (
			);
			name = "Audio Trainer";
			productName = AudioTrainer;
			productReference = 0D0045702703B13F00C2BB3A /* Audio Trainer.app */;
			productType = "com.apple.product-type.application";
		};
		0DD3CF23270E256D00B166EC /* Audio Trainer UI Tests */ = {
			isa = PBXNativeTarget;
			buildConfigurationList = 0DD3CF2E270E256D00B166EC /* Build configuration list for PBXNativeTarget "Audio Trainer UI Tests" */;
			buildPhases = (
				0DD3CF20270E256D00B166EC /* Sources */,
				0DD3CF21270E256D00B166EC /* Frameworks */,
				0DD3CF22270E256D00B166EC /* Resources */,
			);
			buildRules = (
			);
			dependencies = (
				0DD3CF2B270E256D00B166EC /* PBXTargetDependency */,
			);
			name = "Audio Trainer UI Tests";
			productName = "Audio Trainer UI Tests";
			productReference = 0DD3CF24270E256D00B166EC /* Audio Trainer UI Tests.xctest */;
			productType = "com.apple.product-type.bundle.ui-testing";
		};
		0DD3CF32270E258800B166EC /* Audio Trainer Unit Tests */ = {
			isa = PBXNativeTarget;
			buildConfigurationList = 0DD3CF39270E258800B166EC /* Build configuration list for PBXNativeTarget "Audio Trainer Unit Tests" */;
			buildPhases = (
				0DD3CF2F270E258800B166EC /* Sources */,
				0DD3CF30270E258800B166EC /* Frameworks */,
				0DD3CF31270E258800B166EC /* Resources */,
			);
			buildRules = (
			);
			dependencies = (
				0DD3CF38270E258800B166EC /* PBXTargetDependency */,
			);
			name = "Audio Trainer Unit Tests";
			productName = "Audio Trainer Unit Tests";
			productReference = 0DD3CF33270E258800B166EC /* Audio Trainer Unit Tests.xctest */;
			productType = "com.apple.product-type.bundle.unit-test";
		};
/* End PBXNativeTarget section */

/* Begin PBXProject section */
		0D0045682703B13F00C2BB3A /* Project object */ = {
			isa = PBXProject;
			attributes = {
				BuildIndependentTargetsInParallel = 1;
				LastUpgradeCheck = 1300;
				TargetAttributes = {
					0D00456F2703B13F00C2BB3A = {
						CreatedOnToolsVersion = 13.0;
					};
					0DD3CF23270E256D00B166EC = {
						CreatedOnToolsVersion = 13.0;
						TestTargetID = 0D00456F2703B13F00C2BB3A;
					};
					0DD3CF32270E258800B166EC = {
						CreatedOnToolsVersion = 13.0;
						TestTargetID = 0D00456F2703B13F00C2BB3A;
					};
				};
			};
			buildConfigurationList = 0D00456B2703B13F00C2BB3A /* Build configuration list for PBXProject "Audio Trainer" */;
			compatibilityVersion = "Xcode 13.0";
			developmentRegion = en;
			hasScannedForEncodings = 0;
			knownRegions = (
				en,
				Base,
			);
			mainGroup = 0D0045672703B13F00C2BB3A;
			productRefGroup = 0D0045712703B13F00C2BB3A /* Products */;
			projectDirPath = "";
			projectRoot = "";
			targets = (
				0D00456F2703B13F00C2BB3A /* Audio Trainer */,
				0DD3CF23270E256D00B166EC /* Audio Trainer UI Tests */,
				0DD3CF32270E258800B166EC /* Audio Trainer Unit Tests */,
			);
		};
/* End PBXProject section */

/* Begin PBXResourcesBuildPhase section */
		0D00456E2703B13F00C2BB3A /* Resources */ = {
			isa = PBXResourcesBuildPhase;
			buildActionMask = 2147483647;
			files = (
				0D00457A2703B14100C2BB3A /* Assets.xcassets in Resources */,
				0D00457D2703B14100C2BB3A /* Main.storyboard in Resources */,
			);
			runOnlyForDeploymentPostprocessing = 0;
		};
		0DD3CF22270E256D00B166EC /* Resources */ = {
			isa = PBXResourcesBuildPhase;
			buildActionMask = 2147483647;
			files = (
			);
			runOnlyForDeploymentPostprocessing = 0;
		};
		0DD3CF31270E258800B166EC /* Resources */ = {
			isa = PBXResourcesBuildPhase;
			buildActionMask = 2147483647;
			files = (
			);
			runOnlyForDeploymentPostprocessing = 0;
		};
/* End PBXResourcesBuildPhase section */

/* Begin PBXSourcesBuildPhase section */
		0D00456C2703B13F00C2BB3A /* Sources */ = {
			isa = PBXSourcesBuildPhase;
			buildActionMask = 2147483647;
			files = (
				0D0045782703B13F00C2BB3A /* ATViewController.m in Sources */,
				0D4BD92B270B7E2F0066BC44 /* ATElementTree.m in Sources */,
				0D197400270DE21F00CF6813 /* ATRecorderViewController.m in Sources */,
				0D00457F2703B14100C2BB3A /* main.m in Sources */,
				0D197408270DE24800CF6813 /* ATPlayerViewController.m in Sources */,
				0D0045992703C04000C2BB3A /* ATRecording.m in Sources */,
				0D4BD934270B9DF40066BC44 /* ATApplicationElement.m in Sources */,
				0D0045752703B13F00C2BB3A /* ATAppDelegate.m in Sources */,
				0D4BD931270B7E7C0066BC44 /* ATElement.m in Sources */,
				0D00459F2703C90600C2BB3A /* ATApplicationRecorderUtilities.m in Sources */,
				0D4BD93B270B9F1B0066BC44 /* ATApplicationUtilities.m in Sources */,
				0D4BD938270B9E4B0066BC44 /* ATWindowElement.m in Sources */,
				0D00458B2703BE9200C2BB3A /* ATApplicationRecorderBase.m in Sources */,
				0D0045A32703CA8400C2BB3A /* ATApplicationPopUpButton.m in Sources */,
				0D4BD92E270B7E560066BC44 /* ATElementTreeDelegate.m in Sources */,
				0D0045912703BEA900C2BB3A /* ATGarageBandRecorder.m in Sources */,
				0D00458E2703BE9F00C2BB3A /* ATLogicRecorder.m in Sources */,
				0D00459C2703C15F00C2BB3A /* ATUnimplementedError.m in Sources */,
			);
			runOnlyForDeploymentPostprocessing = 0;
		};
		0DD3CF20270E256D00B166EC /* Sources */ = {
			isa = PBXSourcesBuildPhase;
			buildActionMask = 2147483647;
			files = (
				0DD3CF27270E256D00B166EC /* Audio_Trainer_UI_Tests.m in Sources */,
				0DD3CF3C270E258C00B166EC /* Audio_Trainer_Unit_Tests.m in Sources */,
				0DD3CF29270E256D00B166EC /* Audio_Trainer_UI_TestsLaunchTests.m in Sources */,
			);
			runOnlyForDeploymentPostprocessing = 0;
		};
		0DD3CF2F270E258800B166EC /* Sources */ = {
			isa = PBXSourcesBuildPhase;
			buildActionMask = 2147483647;
			files = (
			);
			runOnlyForDeploymentPostprocessing = 0;
		};
/* End PBXSourcesBuildPhase section */

/* Begin PBXTargetDependency section */
		0DD3CF2B270E256D00B166EC /* PBXTargetDependency */ = {
			isa = PBXTargetDependency;
			target = 0D00456F2703B13F00C2BB3A /* Audio Trainer */;
			targetProxy = 0DD3CF2A270E256D00B166EC /* PBXContainerItemProxy */;
		};
		0DD3CF38270E258800B166EC /* PBXTargetDependency */ = {
			isa = PBXTargetDependency;
			target = 0D00456F2703B13F00C2BB3A /* Audio Trainer */;
			targetProxy = 0DD3CF37270E258800B166EC /* PBXContainerItemProxy */;
		};
/* End PBXTargetDependency section */

/* Begin PBXVariantGroup section */
		0D00457B2703B14100C2BB3A /* Main.storyboard */ = {
			isa = PBXVariantGroup;
			children = (
				0D00457C2703B14100C2BB3A /* Base */,
			);
			name = Main.storyboard;
			sourceTree = "<group>";
		};
/* End PBXVariantGroup section */

/* Begin XCBuildConfiguration section */
		0D0045802703B14100C2BB3A /* Debug */ = {
			isa = XCBuildConfiguration;
			buildSettings = {
				ALWAYS_SEARCH_USER_PATHS = NO;
				CLANG_ANALYZER_NONNULL = YES;
				CLANG_ANALYZER_NUMBER_OBJECT_CONVERSION = YES_AGGRESSIVE;
				CLANG_CXX_LANGUAGE_STANDARD = "gnu++17";
				CLANG_CXX_LIBRARY = "libc++";
				CLANG_ENABLE_MODULES = YES;
				CLANG_ENABLE_OBJC_ARC = YES;
				CLANG_ENABLE_OBJC_WEAK = YES;
				CLANG_WARN_BLOCK_CAPTURE_AUTORELEASING = YES;
				CLANG_WARN_BOOL_CONVERSION = YES;
				CLANG_WARN_COMMA = YES;
				CLANG_WARN_CONSTANT_CONVERSION = YES;
				CLANG_WARN_DEPRECATED_OBJC_IMPLEMENTATIONS = YES;
				CLANG_WARN_DIRECT_OBJC_ISA_USAGE = YES_ERROR;
				CLANG_WARN_DOCUMENTATION_COMMENTS = YES;
				CLANG_WARN_EMPTY_BODY = YES;
				CLANG_WARN_ENUM_CONVERSION = YES;
				CLANG_WARN_INFINITE_RECURSION = YES;
				CLANG_WARN_INT_CONVERSION = YES;
				CLANG_WARN_NON_LITERAL_NULL_CONVERSION = YES;
				CLANG_WARN_OBJC_IMPLICIT_RETAIN_SELF = YES;
				CLANG_WARN_OBJC_LITERAL_CONVERSION = YES;
				CLANG_WARN_OBJC_ROOT_CLASS = YES_ERROR;
				CLANG_WARN_QUOTED_INCLUDE_IN_FRAMEWORK_HEADER = YES;
				CLANG_WARN_RANGE_LOOP_ANALYSIS = YES;
				CLANG_WARN_STRICT_PROTOTYPES = YES;
				CLANG_WARN_SUSPICIOUS_MOVE = YES;
				CLANG_WARN_UNGUARDED_AVAILABILITY = YES_AGGRESSIVE;
				CLANG_WARN_UNREACHABLE_CODE = YES;
				CLANG_WARN__DUPLICATE_METHOD_MATCH = YES;
				COPY_PHASE_STRIP = NO;
				DEBUG_INFORMATION_FORMAT = dwarf;
				ENABLE_STRICT_OBJC_MSGSEND = YES;
				ENABLE_TESTABILITY = YES;
				GCC_C_LANGUAGE_STANDARD = gnu11;
				GCC_DYNAMIC_NO_PIC = NO;
				GCC_NO_COMMON_BLOCKS = YES;
				GCC_OPTIMIZATION_LEVEL = 0;
				GCC_PREPROCESSOR_DEFINITIONS = (
					"DEBUG=1",
					"$(inherited)",
				);
				GCC_WARN_64_TO_32_BIT_CONVERSION = YES;
				GCC_WARN_ABOUT_RETURN_TYPE = YES_ERROR;
				GCC_WARN_UNDECLARED_SELECTOR = YES;
				GCC_WARN_UNINITIALIZED_AUTOS = YES_AGGRESSIVE;
				GCC_WARN_UNUSED_FUNCTION = YES;
				GCC_WARN_UNUSED_VARIABLE = YES;
				MACOSX_DEPLOYMENT_TARGET = 12.0;
				MTL_ENABLE_DEBUG_INFO = INCLUDE_SOURCE;
				MTL_FAST_MATH = YES;
				ONLY_ACTIVE_ARCH = YES;
				SDKROOT = macosx;
			};
			name = Debug;
		};
		0D0045812703B14100C2BB3A /* Release */ = {
			isa = XCBuildConfiguration;
			buildSettings = {
				ALWAYS_SEARCH_USER_PATHS = NO;
				CLANG_ANALYZER_NONNULL = YES;
				CLANG_ANALYZER_NUMBER_OBJECT_CONVERSION = YES_AGGRESSIVE;
				CLANG_CXX_LANGUAGE_STANDARD = "gnu++17";
				CLANG_CXX_LIBRARY = "libc++";
				CLANG_ENABLE_MODULES = YES;
				CLANG_ENABLE_OBJC_ARC = YES;
				CLANG_ENABLE_OBJC_WEAK = YES;
				CLANG_WARN_BLOCK_CAPTURE_AUTORELEASING = YES;
				CLANG_WARN_BOOL_CONVERSION = YES;
				CLANG_WARN_COMMA = YES;
				CLANG_WARN_CONSTANT_CONVERSION = YES;
				CLANG_WARN_DEPRECATED_OBJC_IMPLEMENTATIONS = YES;
				CLANG_WARN_DIRECT_OBJC_ISA_USAGE = YES_ERROR;
				CLANG_WARN_DOCUMENTATION_COMMENTS = YES;
				CLANG_WARN_EMPTY_BODY = YES;
				CLANG_WARN_ENUM_CONVERSION = YES;
				CLANG_WARN_INFINITE_RECURSION = YES;
				CLANG_WARN_INT_CONVERSION = YES;
				CLANG_WARN_NON_LITERAL_NULL_CONVERSION = YES;
				CLANG_WARN_OBJC_IMPLICIT_RETAIN_SELF = YES;
				CLANG_WARN_OBJC_LITERAL_CONVERSION = YES;
				CLANG_WARN_OBJC_ROOT_CLASS = YES_ERROR;
				CLANG_WARN_QUOTED_INCLUDE_IN_FRAMEWORK_HEADER = YES;
				CLANG_WARN_RANGE_LOOP_ANALYSIS = YES;
				CLANG_WARN_STRICT_PROTOTYPES = YES;
				CLANG_WARN_SUSPICIOUS_MOVE = YES;
				CLANG_WARN_UNGUARDED_AVAILABILITY = YES_AGGRESSIVE;
				CLANG_WARN_UNREACHABLE_CODE = YES;
				CLANG_WARN__DUPLICATE_METHOD_MATCH = YES;
				COPY_PHASE_STRIP = NO;
				DEBUG_INFORMATION_FORMAT = "dwarf-with-dsym";
				ENABLE_NS_ASSERTIONS = NO;
				ENABLE_STRICT_OBJC_MSGSEND = YES;
				GCC_C_LANGUAGE_STANDARD = gnu11;
				GCC_NO_COMMON_BLOCKS = YES;
				GCC_WARN_64_TO_32_BIT_CONVERSION = YES;
				GCC_WARN_ABOUT_RETURN_TYPE = YES_ERROR;
				GCC_WARN_UNDECLARED_SELECTOR = YES;
				GCC_WARN_UNINITIALIZED_AUTOS = YES_AGGRESSIVE;
				GCC_WARN_UNUSED_FUNCTION = YES;
				GCC_WARN_UNUSED_VARIABLE = YES;
				MACOSX_DEPLOYMENT_TARGET = 12.0;
				MTL_ENABLE_DEBUG_INFO = NO;
				MTL_FAST_MATH = YES;
				SDKROOT = macosx;
			};
			name = Release;
		};
		0D0045832703B14100C2BB3A /* Debug */ = {
			isa = XCBuildConfiguration;
			buildSettings = {
				ASSETCATALOG_COMPILER_APPICON_NAME = AppIcon;
				ASSETCATALOG_COMPILER_GLOBAL_ACCENT_COLOR_NAME = AccentColor;
				CODE_SIGN_STYLE = Automatic;
				COMBINE_HIDPI_IMAGES = YES;
				CURRENT_PROJECT_VERSION = 1;
				ENABLE_APP_SANDBOX = NO;
				ENABLE_USER_SELECTED_FILES = readonly;
				GENERATE_INFOPLIST_FILE = YES;
				INFOPLIST_KEY_NSHumanReadableCopyright = "";
				INFOPLIST_KEY_NSMainStoryboardFile = Main;
				INFOPLIST_KEY_NSPrincipalClass = NSApplication;
				LD_RUNPATH_SEARCH_PATHS = (
					"$(inherited)",
					"@executable_path/../Frameworks",
				);
				MARKETING_VERSION = 1.0;
				PRODUCT_BUNDLE_IDENTIFIER = edu.uci.ics.accessibility.AudioTrainer;
				PRODUCT_NAME = "$(TARGET_NAME)";
				SWIFT_EMIT_LOC_STRINGS = YES;
			};
			name = Debug;
		};
		0D0045842703B14100C2BB3A /* Release */ = {
			isa = XCBuildConfiguration;
			buildSettings = {
				ASSETCATALOG_COMPILER_APPICON_NAME = AppIcon;
				ASSETCATALOG_COMPILER_GLOBAL_ACCENT_COLOR_NAME = AccentColor;
				CODE_SIGN_STYLE = Automatic;
				COMBINE_HIDPI_IMAGES = YES;
				CURRENT_PROJECT_VERSION = 1;
				ENABLE_APP_SANDBOX = NO;
				ENABLE_USER_SELECTED_FILES = readonly;
				GENERATE_INFOPLIST_FILE = YES;
				INFOPLIST_KEY_NSHumanReadableCopyright = "";
				INFOPLIST_KEY_NSMainStoryboardFile = Main;
				INFOPLIST_KEY_NSPrincipalClass = NSApplication;
				LD_RUNPATH_SEARCH_PATHS = (
					"$(inherited)",
					"@executable_path/../Frameworks",
				);
				MARKETING_VERSION = 1.0;
				PRODUCT_BUNDLE_IDENTIFIER = edu.uci.ics.accessibility.AudioTrainer;
				PRODUCT_NAME = "$(TARGET_NAME)";
				SWIFT_EMIT_LOC_STRINGS = YES;
			};
			name = Release;
		};
		0DD3CF2C270E256D00B166EC /* Debug */ = {
			isa = XCBuildConfiguration;
			buildSettings = {
				CODE_SIGN_STYLE = Automatic;
				COMBINE_HIDPI_IMAGES = YES;
				CURRENT_PROJECT_VERSION = 1;
				GENERATE_INFOPLIST_FILE = YES;
				LD_RUNPATH_SEARCH_PATHS = (
					"$(inherited)",
					"@executable_path/../Frameworks",
					"@loader_path/../Frameworks",
				);
				MARKETING_VERSION = 1.0;
				PRODUCT_BUNDLE_IDENTIFIER = "com.tommymchugh.Audio-Trainer-UI-Tests";
				PRODUCT_NAME = "$(TARGET_NAME)";
				SWIFT_EMIT_LOC_STRINGS = NO;
				TEST_TARGET_NAME = "Audio Trainer";
			};
			name = Debug;
		};
		0DD3CF2D270E256D00B166EC /* Release */ = {
			isa = XCBuildConfiguration;
			buildSettings = {
				CODE_SIGN_STYLE = Automatic;
				COMBINE_HIDPI_IMAGES = YES;
				CURRENT_PROJECT_VERSION = 1;
				GENERATE_INFOPLIST_FILE = YES;
				LD_RUNPATH_SEARCH_PATHS = (
					"$(inherited)",
					"@executable_path/../Frameworks",
					"@loader_path/../Frameworks",
				);
				MARKETING_VERSION = 1.0;
				PRODUCT_BUNDLE_IDENTIFIER = "com.tommymchugh.Audio-Trainer-UI-Tests";
				PRODUCT_NAME = "$(TARGET_NAME)";
				SWIFT_EMIT_LOC_STRINGS = NO;
				TEST_TARGET_NAME = "Audio Trainer";
			};
			name = Release;
		};
		0DD3CF3A270E258800B166EC /* Debug */ = {
			isa = XCBuildConfiguration;
			buildSettings = {
				BUNDLE_LOADER = "$(TEST_HOST)";
				CODE_SIGN_STYLE = Automatic;
				COMBINE_HIDPI_IMAGES = YES;
				CURRENT_PROJECT_VERSION = 1;
				GENERATE_INFOPLIST_FILE = YES;
				LD_RUNPATH_SEARCH_PATHS = (
					"$(inherited)",
					"@executable_path/../Frameworks",
					"@loader_path/../Frameworks",
				);
				MARKETING_VERSION = 1.0;
				PRODUCT_BUNDLE_IDENTIFIER = "com.tommymchugh.Audio-Trainer-Unit-Tests";
				PRODUCT_NAME = "$(TARGET_NAME)";
				SWIFT_EMIT_LOC_STRINGS = NO;
				TEST_HOST = "$(BUILT_PRODUCTS_DIR)/Audio Trainer.app/Contents/MacOS/Audio Trainer";
			};
			name = Debug;
		};
		0DD3CF3B270E258800B166EC /* Release */ = {
			isa = XCBuildConfiguration;
			buildSettings = {
				BUNDLE_LOADER = "$(TEST_HOST)";
				CODE_SIGN_STYLE = Automatic;
				COMBINE_HIDPI_IMAGES = YES;
				CURRENT_PROJECT_VERSION = 1;
				GENERATE_INFOPLIST_FILE = YES;
				LD_RUNPATH_SEARCH_PATHS = (
					"$(inherited)",
					"@executable_path/../Frameworks",
					"@loader_path/../Frameworks",
				);
				MARKETING_VERSION = 1.0;
				PRODUCT_BUNDLE_IDENTIFIER = "com.tommymchugh.Audio-Trainer-Unit-Tests";
				PRODUCT_NAME = "$(TARGET_NAME)";
				SWIFT_EMIT_LOC_STRINGS = NO;
				TEST_HOST = "$(BUILT_PRODUCTS_DIR)/Audio Trainer.app/Contents/MacOS/Audio Trainer";
			};
			name = Release;
		};
/* End XCBuildConfiguration section */

/* Begin XCConfigurationList section */
		0D00456B2703B13F00C2BB3A /* Build configuration list for PBXProject "Audio Trainer" */ = {
			isa = XCConfigurationList;
			buildConfigurations = (
				0D0045802703B14100C2BB3A /* Debug */,
				0D0045812703B14100C2BB3A /* Release */,
			);
			defaultConfigurationIsVisible = 0;
			defaultConfigurationName = Release;
		};
		0D0045822703B14100C2BB3A /* Build configuration list for PBXNativeTarget "Audio Trainer" */ = {
			isa = XCConfigurationList;
			buildConfigurations = (
				0D0045832703B14100C2BB3A /* Debug */,
				0D0045842703B14100C2BB3A /* Release */,
			);
			defaultConfigurationIsVisible = 0;
			defaultConfigurationName = Release;
		};
		0DD3CF2E270E256D00B166EC /* Build configuration list for PBXNativeTarget "Audio Trainer UI Tests" */ = {
			isa = XCConfigurationList;
			buildConfigurations = (
				0DD3CF2C270E256D00B166EC /* Debug */,
				0DD3CF2D270E256D00B166EC /* Release */,
			);
			defaultConfigurationIsVisible = 0;
			defaultConfigurationName = Release;
		};
		0DD3CF39270E258800B166EC /* Build configuration list for PBXNativeTarget "Audio Trainer Unit Tests" */ = {
			isa = XCConfigurationList;
			buildConfigurations = (
				0DD3CF3A270E258800B166EC /* Debug */,
				0DD3CF3B270E258800B166EC /* Release */,
			);
			defaultConfigurationIsVisible = 0;
			defaultConfigurationName = Release;
		};
/* End XCConfigurationList section */
	};
	rootObject = 0D0045682703B13F00C2BB3A /* Project object */;
}
